
Microsoft Visual Studio Solution File, Format Version 12.00
# Visual Studio Version 17
VisualStudioVersion = 17.8.34330.188
MinimumVisualStudioVersion = 10.0.40219.1
Project("{9A19103F-16F7-4668-BE54-9A1E7A4F7556}") = "E-Commerce", "E-Commerce.csproj", "{314EED81-0153-43BE-9F90-1FC4D6118D79}"
EndProject
Global
	GlobalSection(SolutionConfigurationPlatforms) = preSolution
		Debug|Any CPU = Debug|Any CPU
		Release|Any CPU = Release|Any CPU
	EndGlobalSection
	GlobalSection(ProjectConfigurationPlatforms) = postSolution
		{314EED81-0153-43BE-9F90-1FC4D6118D79}.Debug|Any CPU.ActiveCfg = Debug|Any CPU
		{314EED81-0153-43BE-9F90-1FC4D6118D79}.Debug|Any CPU.Build.0 = Debug|Any CPU
		{314EED81-0153-43BE-9F90-1FC4D6118D79}.Release|Any CPU.ActiveCfg = Release|Any CPU
		{314EED81-0153-43BE-9F90-1FC4D6118D79}.Release|Any CPU.Build.0 = Release|Any CPU
	EndGlobalSection
	GlobalSection(SolutionProperties) = preSolution
		HideSolutionNode = FALSE
	EndGlobalSection
	GlobalSection(ExtensibilityGlobals) = postSolution
		SolutionGuid = {8A839873-1E5C-4E95-8A50-DB6AE9DCB239}
	EndGlobalSection
EndGlobal
